
Microsoft Visual Studio Solution File, Format Version 12.00
# Visual Studio Version 17
VisualStudioVersion = 17.10.34928.147
MinimumVisualStudioVersion = 10.0.40219.1
Project("{FAE04EC0-301F-11D3-BF4B-00C04F79EFBC}") = "TextAdventureGame.App", "TextAdventureGame.App\TextAdventureGame.App.csproj", "{44C1240F-3293-4D52-9D65-94882B41A14E}"
EndProject
Project("{FAE04EC0-301F-11D3-BF4B-00C04F79EFBC}") = "TextAdventureGame.App.Tests", "TextAdventureGame.App.Tests\TextAdventureGame.App.Tests.csproj", "{27D74C59-6EBF-4DB6-A803-41CD51820273}"
EndProject
Global
	GlobalSection(SolutionConfigurationPlatforms) = preSolution
		Debug|Any CPU = Debug|Any CPU
		Release|Any CPU = Release|Any CPU
	EndGlobalSection
	GlobalSection(ProjectConfigurationPlatforms) = postSolution
		{44C1240F-3293-4D52-9D65-94882B41A14E}.Debug|Any CPU.ActiveCfg = Debug|Any CPU
		{44C1240F-3293-4D52-9D65-94882B41A14E}.Debug|Any CPU.Build.0 = Debug|Any CPU
		{44C1240F-3293-4D52-9D65-94882B41A14E}.Release|Any CPU.ActiveCfg = Release|Any CPU
		{44C1240F-3293-4D52-9D65-94882B41A14E}.Release|Any CPU.Build.0 = Release|Any CPU
		{27D74C59-6EBF-4DB6-A803-41CD51820273}.Debug|Any CPU.ActiveCfg = Debug|Any CPU
		{27D74C59-6EBF-4DB6-A803-41CD51820273}.Debug|Any CPU.Build.0 = Debug|Any CPU
		{27D74C59-6EBF-4DB6-A803-41CD51820273}.Release|Any CPU.ActiveCfg = Release|Any CPU
		{27D74C59-6EBF-4DB6-A803-41CD51820273}.Release|Any CPU.Build.0 = Release|Any CPU
	EndGlobalSection
	GlobalSection(SolutionProperties) = preSolution
		HideSolutionNode = FALSE
	EndGlobalSection
	GlobalSection(ExtensibilityGlobals) = postSolution
		SolutionGuid = {A1A58676-110F-432A-8FC3-CF9D853014A0}
	EndGlobalSection
EndGlobal
